{
  "name": "state-stepper",
  "version": "2.0.0",
  "lockfileVersion": 1,
  "requires": true,
  "dependencies": {
    "@stencil/core": {
      "version": "1.5.1",
      "resolved": "https://registry.npmjs.org/@stencil/core/-/core-1.5.1.tgz",
      "integrity": "sha512-kMJb5r9t3O7z/eXBNRnSEz5SeAQCQs3Ije9tKwFL4IX8OW3TLJj4GUcK1YjFFvI3+wPRZmyO23H0Wqq1nJ4jVw==",
      "dev": true,
      "requires": {
        "typescript": "3.6.3"
      }
    },
    "@stencil/sass": {
      "version": "1.0.1",
      "resolved": "https://registry.npmjs.org/@stencil/sass/-/sass-1.0.1.tgz",
      "integrity": "sha512-3vmF8zir9FcVY/tYW0/V/pWrYSU684eASmALL2v29PGJvX6/CXh9n8LF7Jy95SpJPij3lisIUXLls7edXy2hYg==",
      "dev": true
    },
    "typescript": {
      "version": "3.6.3",
      "resolved": "https://registry.npmjs.org/typescript/-/typescript-3.6.3.tgz",
      "integrity": "sha512-N7bceJL1CtRQ2RiG0AQME13ksR7DiuQh/QehubYcghzv20tnh+MQnQIuJddTmsbqYj+dztchykemz0zFzlvdQw==",
      "dev": true
    }
  }
}
